
Microsoft Visual Studio Solution File, Format Version 12.00
# Visual Studio 15
VisualStudioVersion = 15.0.28010.2016
MinimumVisualStudioVersion = 10.0.40219.1
Project("{FAE04EC0-301F-11D3-BF4B-00C04F79EFBC}") = "life-calc", "life-calc\life-calc.csproj", "{EDF873FA-7573-4EDA-A1C7-81B670DD11FC}"
EndProject
Global
	GlobalSection(SolutionConfigurationPlatforms) = preSolution
		Debug|Any CPU = Debug|Any CPU
		Release|Any CPU = Release|Any CPU
	EndGlobalSection
	GlobalSection(ProjectConfigurationPlatforms) = postSolution
		{EDF873FA-7573-4EDA-A1C7-81B670DD11FC}.Debug|Any CPU.ActiveCfg = Debug|Any CPU
		{EDF873FA-7573-4EDA-A1C7-81B670DD11FC}.Debug|Any CPU.Build.0 = Debug|Any CPU
		{EDF873FA-7573-4EDA-A1C7-81B670DD11FC}.Release|Any CPU.ActiveCfg = Release|Any CPU
		{EDF873FA-7573-4EDA-A1C7-81B670DD11FC}.Release|Any CPU.Build.0 = Release|Any CPU
	EndGlobalSection
	GlobalSection(SolutionProperties) = preSolution
		HideSolutionNode = FALSE
	EndGlobalSection
	GlobalSection(ExtensibilityGlobals) = postSolution
		SolutionGuid = {D2C8F25E-5868-4264-A095-B3F40E963581}
	EndGlobalSection
EndGlobal
